github.com/alcionai/clues v0.0.0-20241221005556-ce9259ae3879 h1:htV8bvaMPOii1+OFRsggi9QMQCr9rr/okJ+C/1ENTVE=
github.com/alcionai/clues v0.0.0-20241221005556-ce9259ae3879/go.mod h1:u+NcIDVgQ7QrOjWNKiUvYFJcJgO8zCHvYAtbdaxoNIk=
github.com/ava-orange-education/Ultimate-Certified-Kubernetes-Application-Developer-CKAD-Certification-Guide/backend/apps/books v0.0.0-20241225111830-026d7b5e3c41 h1:OxTiMdF5plQO76FaVmK5BXErRBERMWCaD7Atr7lyyLE=
github.com/ava-orange-education/Ultimate-Certified-Kubernetes-Application-Developer-CKAD-Certification-Guide/backend/apps/books v0.0.0-20241225111830-026d7b5e3c41/go.mod h1:op3R+4vwgc8A1qP3tvQnmOuRg7kBMdcbmBfoflOPW6E=
github.com/ava-orange-education/Ultimate-Certified-Kubernetes-Application-Developer-CKAD-Certification-Guide/backend/pkg/http v0.0.0-20241225111830-026d7b5e3c41 h1:cTFisE5++xRZSnqNxtybdgFJFH+5KAVoZY+Bj6WMNjY=
github.com/ava-orange-education/Ultimate-Certified-Kubernetes-Application-Developer-CKAD-Certification-Guide/backend/pkg/http v0.0.0-20241225111830-026d7b5e3c41/go.mod h1:ZBJ+sf2RFe0A/2KpbmP652h0WVEf1SStQ30TwQrFz6U=
github.com/cenkalti/backoff/v4 v4.3.0 h1:MyRJ/UdXutAwSAT+s3wNd7MfTIcy71VQueUuFK343L8=
github.com/cenkalti/backoff/v4 v4.3.0/go.mod h1:Y3VNntkOUPxTVeUxJ/G5vcM//AlwfmyYozVcomhLiZE=
github.com/go-chi/chi/v5 v5.2.0 h1:Aj1EtB0qR2Rdo2dG4O94RIU35w2lvQSj6BRA4+qwFL0=
github.com/go-chi/chi/v5 v5.2.0/go.mod h1:DslCQbL2OYiznFReuXYUmQ2hGd1aDpCnlMNITLSKoi8=
github.com/go-logr/logr v1.2.2/go.mod h1:jdQByPbusPIv2/zmleS9BjJVeZ6kBagPoEUsqbVz/1A=
github.com/go-logr/logr v1.4.2 h1:6pFjapn8bFcIbiKo3XT4j/BhANplGihG6tvd+8rYgrY=
github.com/go-logr/logr v1.4.2/go.mod h1:9T104GzyrTigFIr8wt5mBrctHMim0Nb2HLGrmQ40KvY=
github.com/go-logr/stdr v1.2.2 h1:hSWxHoqTgW2S2qGc0LTAI563KZ5YKYRhT3MFKZMbjag=
github.com/go-logr/stdr v1.2.2/go.mod h1:mMo/vtBO5dYbehREoey6XUKy/eSumjCCveDpRre4VKE=
github.com/google/uuid v1.6.0 h1:NIvaJDMOsjHA8n1jAhLSgzrAzy1Hgr+hNrb57e+94F0=
github.com/google/uuid v1.6.0/go.mod h1:TIyPZe4MgqvfeYDBFedMoGGpEw/LqOeaOT+nhxU+yHo=
github.com/grpc-ecosystem/grpc-gateway/v2 v2.24.0 h1:TmHmbvxPmaegwhDubVz0lICL0J5Ka2vwTzhoePEXsGE=
github.com/grpc-ecosystem/grpc-gateway/v2 v2.24.0/go.mod h1:qztMSjm835F2bXf+5HKAPIS5qsmQDqZna/PgVt4rWtI=
github.com/pkg/errors v0.9.1 h1:FEBLx1zS214owpjy7qsBeixbURkuhQAwrK5UwLGTwt4=
github.com/pkg/errors v0.9.1/go.mod h1:bwawxfHBFNV+L2hUp1rHADufV3IMtnDRdf1r5NINEl0=
go.opentelemetry.io/auto/sdk v1.1.0 h1:cH53jehLUN6UFLY71z+NDOiNJqDdPRaXzTel0sJySYA=
go.opentelemetry.io/auto/sdk v1.1.0/go.mod h1:3wSPjt5PWp2RhlCcmmOial7AvC4DQqZb7a7wCow3W8A=
go.opentelemetry.io/otel v1.33.0 h1:/FerN9bax5LoK51X/sI0SVYrjSE0/yUL7DpxW4K3FWw=
go.opentelemetry.io/otel v1.33.0/go.mod h1:SUUkR6csvUQl+yjReHu5uM3EtVV7MBm5FHKRlNx4I8I=
go.opentelemetry.io/otel/exporters/otlp/otlplog/otlploggrpc v0.9.0 h1:gA2gh+3B3NDvRFP30Ufh7CC3TtJRbUSf2TTD0LbCagw=
go.opentelemetry.io/otel/exporters/otlp/otlplog/otlploggrpc v0.9.0/go.mod h1:smRTR+02OtrVGjvWE1sQxhuazozKc/BXvvqqnmOxy+s=
go.opentelemetry.io/otel/exporters/otlp/otlpmetric/otlpmetricgrpc v1.33.0 h1:7F29RDmnlqk6B5d+sUqemt8TBfDqxryYW5gX6L74RFA=
go.opentelemetry.io/otel/exporters/otlp/otlpmetric/otlpmetricgrpc v1.33.0/go.mod h1:ZiGDq7xwDMKmWDrN1XsXAj0iC7hns+2DhxBFSncNHSE=
go.opentelemetry.io/otel/exporters/otlp/otlptrace v1.33.0 h1:Vh5HayB/0HHfOQA7Ctx69E/Y/DcQSMPpKANYVMQ7fBA=
go.opentelemetry.io/otel/exporters/otlp/otlptrace v1.33.0/go.mod h1:cpgtDBaqD/6ok/UG0jT15/uKjAY8mRA53diogHBg3UI=
go.opentelemetry.io/otel/exporters/otlp/otlptrace/otlptracegrpc v1.33.0 h1:5pojmb1U1AogINhN3SurB+zm/nIcusopeBNp42f45QM=
go.opentelemetry.io/otel/exporters/otlp/otlptrace/otlptracegrpc v1.33.0/go.mod h1:57gTHJSE5S1tqg+EKsLPlTWhpHMsWlVmer+LA926XiA=
go.opentelemetry.io/otel/log v0.9.0 h1:0OiWRefqJ2QszpCiqwGO0u9ajMPe17q6IscQvvp3czY=
go.opentelemetry.io/otel/log v0.9.0/go.mod h1:WPP4OJ+RBkQ416jrFCQFuFKtXKD6mOoYCQm6ykK8VaU=
go.opentelemetry.io/otel/metric v1.33.0 h1:r+JOocAyeRVXD8lZpjdQjzMadVZp2M4WmQ+5WtEnklQ=
go.opentelemetry.io/otel/metric v1.33.0/go.mod h1:L9+Fyctbp6HFTddIxClbQkjtubW6O9QS3Ann/M82u6M=
go.opentelemetry.io/otel/sdk v1.33.0 h1:iax7M131HuAm9QkZotNHEfstof92xM+N8sr3uHXc2IM=
go.opentelemetry.io/otel/sdk v1.33.0/go.mod h1:A1Q5oi7/9XaMlIWzPSxLRWOI8nG3FnzHJNbiENQuihM=
go.opentelemetry.io/otel/sdk/log v0.9.0 h1:YPCi6W1Eg0vwT/XJWsv2/PaQ2nyAJYuF7UUjQSBe3bc=
go.opentelemetry.io/otel/sdk/log v0.9.0/go.mod h1:y0HdrOz7OkXQBuc2yjiqnEHc+CRKeVhRE3hx4RwTmV4=
go.opentelemetry.io/otel/sdk/metric v1.33.0 h1:Gs5VK9/WUJhNXZgn8MR6ITatvAmKeIuCtNbsP3JkNqU=
go.opentelemetry.io/otel/sdk/metric v1.33.0/go.mod h1:dL5ykHZmm1B1nVRk9dDjChwDmt81MjVp3gLkQRwKf/Q=
go.opentelemetry.io/otel/trace v1.33.0 h1:cCJuF7LRjUFso9LPnEAHJDB2pqzp+hbO8eu1qqW2d/s=
go.opentelemetry.io/otel/trace v1.33.0/go.mod h1:uIcdVUZMpTAmz0tI1z04GoVSezK37CbGV4fr1f2nBck=
go.opentelemetry.io/proto/otlp v1.4.0 h1:TA9WRvW6zMwP+Ssb6fLoUIuirti1gGbP28GcKG1jgeg=
go.opentelemetry.io/proto/otlp v1.4.0/go.mod h1:PPBWZIP98o2ElSqI35IHfu7hIhSwvc5N38Jw8pXuGFY=
golang.org/x/exp v0.0.0-20240416160154-fe59bbe5cc7f h1:99ci1mjWVBWwJiEKYY6jWa4d2nTQVIEhZIptnrVb1XY=
golang.org/x/exp v0.0.0-20240416160154-fe59bbe5cc7f/go.mod h1:/lliqkxwWAhPjf5oSOIJup2XcqJaw8RGS6k3TGEc7GI=
golang.org/x/net v0.32.0 h1:ZqPmj8Kzc+Y6e0+skZsuACbx+wzMgo5MQsJh9Qd6aYI=
golang.org/x/net v0.32.0/go.mod h1:CwU0IoeOlnQQWJ6ioyFrfRuomB8GKF6KbYXZVyeXNfs=
golang.org/x/sys v0.28.0 h1:Fksou7UEQUWlKvIdsqzJmUmCX3cZuD2+P3XyyzwMhlA=
golang.org/x/sys v0.28.0/go.mod h1:/VUhepiaJMQUp4+oa/7Zr1D23ma6VTLIYjOOTFZPUcA=
golang.org/x/text v0.21.0 h1:zyQAAkrwaneQ066sspRyJaG9VNi/YJ1NfzcGB3hZ/qo=
golang.org/x/text v0.21.0/go.mod h1:4IBbMaMmOPCJ8SecivzSH54+73PCFmPWxNTLm+vZkEQ=
google.golang.org/genproto/googleapis/api v0.0.0-20241209162323-e6fa225c2576 h1:CkkIfIt50+lT6NHAVoRYEyAvQGFM7xEwXUUywFvEb3Q=
google.golang.org/genproto/googleapis/api v0.0.0-20241209162323-e6fa225c2576/go.mod h1:1R3kvZ1dtP3+4p4d3G8uJ8rFk/fWlScl38vanWACI08=
google.golang.org/genproto/googleapis/rpc v0.0.0-20241209162323-e6fa225c2576 h1:8ZmaLZE4XWrtU3MyClkYqqtl6Oegr3235h7jxsDyqCY=
google.golang.org/genproto/googleapis/rpc v0.0.0-20241209162323-e6fa225c2576/go.mod h1:5uTbfoYQed2U9p3KIj2/Zzm02PYhndfdmML0qC3q3FU=
google.golang.org/grpc v1.69.2 h1:U3S9QEtbXC0bYNvRtcoklF3xGtLViumSYxWykJS+7AU=
google.golang.org/grpc v1.69.2/go.mod h1:vyjdE6jLBI76dgpDojsFGNaHlxdjXN9ghpnd2o7JGZ4=
google.golang.org/protobuf v1.35.2 h1:8Ar7bF+apOIoThw1EdZl0p1oWvMqTHmpA2fRTyZO8io=
google.golang.org/protobuf v1.35.2/go.mod h1:9fA7Ob0pmnwhb644+1+CVWFRbNajQ6iRojtC/QF5bRE=
