github.com/ava-orange-education/Ultimate-Certified-Kubernetes-Application-Developer-CKAD-Certification-Guide/backend/apps/books v0.0.0-20241225111830-026d7b5e3c41 h1:OxTiMdF5plQO76FaVmK5BXErRBERMWCaD7Atr7lyyLE=
github.com/ava-orange-education/Ultimate-Certified-Kubernetes-Application-Developer-CKAD-Certification-Guide/backend/apps/books v0.0.0-20241225111830-026d7b5e3c41/go.mod h1:op3R+4vwgc8A1qP3tvQnmOuRg7kBMdcbmBfoflOPW6E=
github.com/ava-orange-education/Ultimate-Certified-Kubernetes-Application-Developer-CKAD-Certification-Guide/backend/pkg/http v0.0.0-20241225111830-026d7b5e3c41 h1:cTFisE5++xRZSnqNxtybdgFJFH+5KAVoZY+Bj6WMNjY=
github.com/ava-orange-education/Ultimate-Certified-Kubernetes-Application-Developer-CKAD-Certification-Guide/backend/pkg/http v0.0.0-20241225111830-026d7b5e3c41/go.mod h1:ZBJ+sf2RFe0A/2KpbmP652h0WVEf1SStQ30TwQrFz6U=
github.com/go-chi/chi/v5 v5.2.0 h1:Aj1EtB0qR2Rdo2dG4O94RIU35w2lvQSj6BRA4+qwFL0=
github.com/go-chi/chi/v5 v5.2.0/go.mod h1:DslCQbL2OYiznFReuXYUmQ2hGd1aDpCnlMNITLSKoi8=
github.com/google/uuid v1.6.0 h1:NIvaJDMOsjHA8n1jAhLSgzrAzy1Hgr+hNrb57e+94F0=
github.com/google/uuid v1.6.0/go.mod h1:TIyPZe4MgqvfeYDBFedMoGGpEw/LqOeaOT+nhxU+yHo=
